// !$*UTF8*$!
{
	archiveVersion = 1;
	classes = {
	};
	objectVersion = 48;
	objects = {

/* Begin PBXBuildFile section */
		043E23762005C07F00C79BC5 /* AppDelegate.swift in Sources */ = {isa = PBXBuildFile; fileRef = 043E23752005C07F00C79BC5 /* AppDelegate.swift */; };
		043E23782005C07F00C79BC5 /* ViewController.swift in Sources */ = {isa = PBXBuildFile; fileRef = 043E23772005C07F00C79BC5 /* ViewController.swift */; };
		043E237B2005C07F00C79BC5 /* Main.storyboard in Resources */ = {isa = PBXBuildFile; fileRef = 043E23792005C07F00C79BC5 /* Main.storyboard */; };
		043E237D2005C07F00C79BC5 /* Assets.xcassets in Resources */ = {isa = PBXBuildFile; fileRef = 043E237C2005C07F00C79BC5 /* Assets.xcassets */; };
		043E23802005C07F00C79BC5 /* LaunchScreen.storyboard in Resources */ = {isa = PBXBuildFile; fileRef = 043E237E2005C07F00C79BC5 /* LaunchScreen.storyboard */; };
		043E238B2005C07F00C79BC5 /* ExxPopViewTests.swift in Sources */ = {isa = PBXBuildFile; fileRef = 043E238A2005C07F00C79BC5 /* ExxPopViewTests.swift */; };
		043E23962005C07F00C79BC5 /* ExxPopViewUITests.swift in Sources */ = {isa = PBXBuildFile; fileRef = 043E23952005C07F00C79BC5 /* ExxPopViewUITests.swift */; };
		043E23A52005E22200C79BC5 /* CHSemiViewController.swift in Sources */ = {isa = PBXBuildFile; fileRef = 043E23A32005E22200C79BC5 /* CHSemiViewController.swift */; };
		043E23A62005E22200C79BC5 /* UIViewController+CHSemiViewController.swift in Sources */ = {isa = PBXBuildFile; fileRef = 043E23A42005E22200C79BC5 /* UIViewController+CHSemiViewController.swift */; };
		043E23B02005E28900C79BC5 /* ItemInfo.swift in Sources */ = {isa = PBXBuildFile; fileRef = 043E23A82005E28900C79BC5 /* ItemInfo.swift */; };
		043E23B12005E28900C79BC5 /* TabbedCollectionView.xib in Resources */ = {isa = PBXBuildFile; fileRef = 043E23A92005E28900C79BC5 /* TabbedCollectionView.xib */; };
		043E23B22005E28900C79BC5 /* TabButton.swift in Sources */ = {isa = PBXBuildFile; fileRef = 043E23AA2005E28900C79BC5 /* TabButton.swift */; };
		043E23B32005E28900C79BC5 /* VerticalFlowLayout.swift in Sources */ = {isa = PBXBuildFile; fileRef = 043E23AB2005E28900C79BC5 /* VerticalFlowLayout.swift */; };
		043E23B42005E28900C79BC5 /* ItemCollectionViewCell.xib in Resources */ = {isa = PBXBuildFile; fileRef = 043E23AC2005E28900C79BC5 /* ItemCollectionViewCell.xib */; };
		043E23B52005E28900C79BC5 /* ItemCollectionViewCell.swift in Sources */ = {isa = PBXBuildFile; fileRef = 043E23AD2005E28900C79BC5 /* ItemCollectionViewCell.swift */; };
		043E23B62005E28900C79BC5 /* HorizontalFlowLayout.swift in Sources */ = {isa = PBXBuildFile; fileRef = 043E23AE2005E28900C79BC5 /* HorizontalFlowLayout.swift */; };
		043E23B72005E28900C79BC5 /* TabbedCollectionView.swift in Sources */ = {isa = PBXBuildFile; fileRef = 043E23AF2005E28900C79BC5 /* TabbedCollectionView.swift */; };
		043E23B92005EEE100C79BC5 /* SelectExchangeCurrencyViewController.swift in Sources */ = {isa = PBXBuildFile; fileRef = 043E23B82005EEE100C79BC5 /* SelectExchangeCurrencyViewController.swift */; };
		043E23BC2005FA7500C79BC5 /* ExxMarketCollectionView.swift in Sources */ = {isa = PBXBuildFile; fileRef = 043E23BB2005FA7500C79BC5 /* ExxMarketCollectionView.swift */; };
		043E23BE2005FA9800C79BC5 /* ExxMarketCollectionView.xib in Resources */ = {isa = PBXBuildFile; fileRef = 043E23BD2005FA9800C79BC5 /* ExxMarketCollectionView.xib */; };
		6443659E79146631D253B703 /* Pods_ExxPopView.framework in Frameworks */ = {isa = PBXBuildFile; fileRef = 8931B6F3BEEF1DAB52E38C7E /* Pods_ExxPopView.framework */; };
/* End PBXBuildFile section */

/* Begin PBXContainerItemProxy section */
		043E23872005C07F00C79BC5 /* PBXContainerItemProxy */ = {
			isa = PBXContainerItemProxy;
			containerPortal = 043E236A2005C07F00C79BC5 /* Project object */;
			proxyType = 1;
			remoteGlobalIDString = 043E23712005C07F00C79BC5;
			remoteInfo = ExxPopView;
		};
		043E23922005C07F00C79BC5 /* PBXContainerItemProxy */ = {
			isa = PBXContainerItemProxy;
			containerPortal = 043E236A2005C07F00C79BC5 /* Project object */;
			proxyType = 1;
			remoteGlobalIDString = 043E23712005C07F00C79BC5;
			remoteInfo = ExxPopView;
		};
/* End PBXContainerItemProxy section */

/* Begin PBXFileReference section */
		043E23722005C07F00C79BC5 /* ExxPopView.app */ = {isa = PBXFileReference; explicitFileType = wrapper.application; includeInIndex = 0; path = ExxPopView.app; sourceTree = BUILT_PRODUCTS_DIR; };
		043E23752005C07F00C79BC5 /* AppDelegate.swift */ = {isa = PBXFileReference; lastKnownFileType = sourcecode.swift; path = AppDelegate.swift; sourceTree = "<group>"; };
		043E23772005C07F00C79BC5 /* ViewController.swift */ = {isa = PBXFileReference; lastKnownFileType = sourcecode.swift; path = ViewController.swift; sourceTree = "<group>"; };
		043E237A2005C07F00C79BC5 /* Base */ = {isa = PBXFileReference; lastKnownFileType = file.storyboard; name = Base; path = Base.lproj/Main.storyboard; sourceTree = "<group>"; };
		043E237C2005C07F00C79BC5 /* Assets.xcassets */ = {isa = PBXFileReference; lastKnownFileType = folder.assetcatalog; path = Assets.xcassets; sourceTree = "<group>"; };
		043E237F2005C07F00C79BC5 /* Base */ = {isa = PBXFileReference; lastKnownFileType = file.storyboard; name = Base; path = Base.lproj/LaunchScreen.storyboard; sourceTree = "<group>"; };
		043E23812005C07F00C79BC5 /* Info.plist */ = {isa = PBXFileReference; lastKnownFileType = text.plist.xml; path = Info.plist; sourceTree = "<group>"; };
		043E23862005C07F00C79BC5 /* ExxPopViewTests.xctest */ = {isa = PBXFileReference; explicitFileType = wrapper.cfbundle; includeInIndex = 0; path = ExxPopViewTests.xctest; sourceTree = BUILT_PRODUCTS_DIR; };
		043E238A2005C07F00C79BC5 /* ExxPopViewTests.swift */ = {isa = PBXFileReference; lastKnownFileType = sourcecode.swift; path = ExxPopViewTests.swift; sourceTree = "<group>"; };
		043E238C2005C07F00C79BC5 /* Info.plist */ = {isa = PBXFileReference; lastKnownFileType = text.plist.xml; path = Info.plist; sourceTree = "<group>"; };
		043E23912005C07F00C79BC5 /* ExxPopViewUITests.xctest */ = {isa = PBXFileReference; explicitFileType = wrapper.cfbundle; includeInIndex = 0; path = ExxPopViewUITests.xctest; sourceTree = BUILT_PRODUCTS_DIR; };
		043E23952005C07F00C79BC5 /* ExxPopViewUITests.swift */ = {isa = PBXFileReference; lastKnownFileType = sourcecode.swift; path = ExxPopViewUITests.swift; sourceTree = "<group>"; };
		043E23972005C07F00C79BC5 /* Info.plist */ = {isa = PBXFileReference; lastKnownFileType = text.plist.xml; path = Info.plist; sourceTree = "<group>"; };
		043E23A32005E22200C79BC5 /* CHSemiViewController.swift */ = {isa = PBXFileReference; fileEncoding = 4; lastKnownFileType = sourcecode.swift; path = CHSemiViewController.swift; sourceTree = "<group>"; };
		043E23A42005E22200C79BC5 /* UIViewController+CHSemiViewController.swift */ = {isa = PBXFileReference; fileEncoding = 4; lastKnownFileType = sourcecode.swift; path = "UIViewController+CHSemiViewController.swift"; sourceTree = "<group>"; };
		043E23A82005E28900C79BC5 /* ItemInfo.swift */ = {isa = PBXFileReference; fileEncoding = 4; lastKnownFileType = sourcecode.swift; path = ItemInfo.swift; sourceTree = "<group>"; };
		043E23A92005E28900C79BC5 /* TabbedCollectionView.xib */ = {isa = PBXFileReference; fileEncoding = 4; lastKnownFileType = file.xib; path = TabbedCollectionView.xib; sourceTree = "<group>"; };
		043E23AA2005E28900C79BC5 /* TabButton.swift */ = {isa = PBXFileReference; fileEncoding = 4; lastKnownFileType = sourcecode.swift; path = TabButton.swift; sourceTree = "<group>"; };
		043E23AB2005E28900C79BC5 /* VerticalFlowLayout.swift */ = {isa = PBXFileReference; fileEncoding = 4; lastKnownFileType = sourcecode.swift; path = VerticalFlowLayout.swift; sourceTree = "<group>"; };
		043E23AC2005E28900C79BC5 /* ItemCollectionViewCell.xib */ = {isa = PBXFileReference; fileEncoding = 4; lastKnownFileType = file.xib; path = ItemCollectionViewCell.xib; sourceTree = "<group>"; };
		043E23AD2005E28900C79BC5 /* ItemCollectionViewCell.swift */ = {isa = PBXFileReference; fileEncoding = 4; lastKnownFileType = sourcecode.swift; path = ItemCollectionViewCell.swift; sourceTree = "<group>"; };
		043E23AE2005E28900C79BC5 /* HorizontalFlowLayout.swift */ = {isa = PBXFileReference; fileEncoding = 4; lastKnownFileType = sourcecode.swift; path = HorizontalFlowLayout.swift; sourceTree = "<group>"; };
		043E23AF2005E28900C79BC5 /* TabbedCollectionView.swift */ = {isa = PBXFileReference; fileEncoding = 4; lastKnownFileType = sourcecode.swift; path = TabbedCollectionView.swift; sourceTree = "<group>"; };
		043E23B82005EEE100C79BC5 /* SelectExchangeCurrencyViewController.swift */ = {isa = PBXFileReference; fileEncoding = 4; lastKnownFileType = sourcecode.swift; path = SelectExchangeCurrencyViewController.swift; sourceTree = "<group>"; };
		043E23BB2005FA7500C79BC5 /* ExxMarketCollectionView.swift */ = {isa = PBXFileReference; lastKnownFileType = sourcecode.swift; path = ExxMarketCollectionView.swift; sourceTree = "<group>"; };
		043E23BD2005FA9800C79BC5 /* ExxMarketCollectionView.xib */ = {isa = PBXFileReference; lastKnownFileType = file.xib; path = ExxMarketCollectionView.xib; sourceTree = "<group>"; };
		076535A233572900642A69A3 /* Pods-ExxPopView.release.xcconfig */ = {isa = PBXFileReference; includeInIndex = 1; lastKnownFileType = text.xcconfig; name = "Pods-ExxPopView.release.xcconfig"; path = "Pods/Target Support Files/Pods-ExxPopView/Pods-ExxPopView.release.xcconfig"; sourceTree = "<group>"; };
		8931B6F3BEEF1DAB52E38C7E /* Pods_ExxPopView.framework */ = {isa = PBXFileReference; explicitFileType = wrapper.framework; includeInIndex = 0; path = Pods_ExxPopView.framework; sourceTree = BUILT_PRODUCTS_DIR; };
		C37D2D3E589D8681F5E24299 /* Pods-ExxPopView.debug.xcconfig */ = {isa = PBXFileReference; includeInIndex = 1; lastKnownFileType = text.xcconfig; name = "Pods-ExxPopView.debug.xcconfig"; path = "Pods/Target Support Files/Pods-ExxPopView/Pods-ExxPopView.debug.xcconfig"; sourceTree = "<group>"; };
/* End PBXFileReference section */

/* Begin PBXFrameworksBuildPhase section */
		043E236F2005C07F00C79BC5 /* Frameworks */ = {
			isa = PBXFrameworksBuildPhase;
			buildActionMask = 2147483647;
			files = (
				6443659E79146631D253B703 /* Pods_ExxPopView.framework in Frameworks */,
			);
			runOnlyForDeploymentPostprocessing = 0;
		};
		043E23832005C07F00C79BC5 /* Frameworks */ = {
			isa = PBXFrameworksBuildPhase;
			buildActionMask = 2147483647;
			files = (
			);
			runOnlyForDeploymentPostprocessing = 0;
		};
		043E238E2005C07F00C79BC5 /* Frameworks */ = {
			isa = PBXFrameworksBuildPhase;
			buildActionMask = 2147483647;
			files = (
			);
			runOnlyForDeploymentPostprocessing = 0;
		};
/* End PBXFrameworksBuildPhase section */

/* Begin PBXGroup section */
		043E23692005C07F00C79BC5 = {
			isa = PBXGroup;
			children = (
				043E23742005C07F00C79BC5 /* ExxPopView */,
				043E23892005C07F00C79BC5 /* ExxPopViewTests */,
				043E23942005C07F00C79BC5 /* ExxPopViewUITests */,
				043E23732005C07F00C79BC5 /* Products */,
				C5BE3BC45D3649699B19EFE4 /* Pods */,
				76E444284A9F2BBF58D426CD /* Frameworks */,
			);
			sourceTree = "<group>";
		};
		043E23732005C07F00C79BC5 /* Products */ = {
			isa = PBXGroup;
			children = (
				043E23722005C07F00C79BC5 /* ExxPopView.app */,
				043E23862005C07F00C79BC5 /* ExxPopViewTests.xctest */,
				043E23912005C07F00C79BC5 /* ExxPopViewUITests.xctest */,
			);
			name = Products;
			sourceTree = "<group>";
		};
		043E23742005C07F00C79BC5 /* ExxPopView */ = {
			isa = PBXGroup;
			children = (
				043E23BA2005FA2E00C79BC5 /* ExxPopView */,
				043E23A72005E27500C79BC5 /* CollectionView */,
				043E23752005C07F00C79BC5 /* AppDelegate.swift */,
				043E23772005C07F00C79BC5 /* ViewController.swift */,
				043E23B82005EEE100C79BC5 /* SelectExchangeCurrencyViewController.swift */,
				043E23A32005E22200C79BC5 /* CHSemiViewController.swift */,
				043E23A42005E22200C79BC5 /* UIViewController+CHSemiViewController.swift */,
				043E23792005C07F00C79BC5 /* Main.storyboard */,
				043E237C2005C07F00C79BC5 /* Assets.xcassets */,
				043E237E2005C07F00C79BC5 /* LaunchScreen.storyboard */,
				043E23812005C07F00C79BC5 /* Info.plist */,
			);
			path = ExxPopView;
			sourceTree = "<group>";
		};
		043E23892005C07F00C79BC5 /* ExxPopViewTests */ = {
			isa = PBXGroup;
			children = (
				043E238A2005C07F00C79BC5 /* ExxPopViewTests.swift */,
				043E238C2005C07F00C79BC5 /* Info.plist */,
			);
			path = ExxPopViewTests;
			sourceTree = "<group>";
		};
		043E23942005C07F00C79BC5 /* ExxPopViewUITests */ = {
			isa = PBXGroup;
			children = (
				043E23952005C07F00C79BC5 /* ExxPopViewUITests.swift */,
				043E23972005C07F00C79BC5 /* Info.plist */,
			);
			path = ExxPopViewUITests;
			sourceTree = "<group>";
		};
		043E23A72005E27500C79BC5 /* CollectionView */ = {
			isa = PBXGroup;
			children = (
				043E23AE2005E28900C79BC5 /* HorizontalFlowLayout.swift */,
				043E23AD2005E28900C79BC5 /* ItemCollectionViewCell.swift */,
				043E23AC2005E28900C79BC5 /* ItemCollectionViewCell.xib */,
				043E23A82005E28900C79BC5 /* ItemInfo.swift */,
				043E23AF2005E28900C79BC5 /* TabbedCollectionView.swift */,
				043E23A92005E28900C79BC5 /* TabbedCollectionView.xib */,
				043E23AA2005E28900C79BC5 /* TabButton.swift */,
				043E23AB2005E28900C79BC5 /* VerticalFlowLayout.swift */,
			);
			path = CollectionView;
			sourceTree = "<group>";
		};
		043E23BA2005FA2E00C79BC5 /* ExxPopView */ = {
			isa = PBXGroup;
			children = (
				043E23BB2005FA7500C79BC5 /* ExxMarketCollectionView.swift */,
				043E23BD2005FA9800C79BC5 /* ExxMarketCollectionView.xib */,
			);
			path = ExxPopView;
			sourceTree = "<group>";
		};
		76E444284A9F2BBF58D426CD /* Frameworks */ = {
			isa = PBXGroup;
			children = (
				8931B6F3BEEF1DAB52E38C7E /* Pods_ExxPopView.framework */,
			);
			name = Frameworks;
			sourceTree = "<group>";
		};
		C5BE3BC45D3649699B19EFE4 /* Pods */ = {
			isa = PBXGroup;
			children = (
				C37D2D3E589D8681F5E24299 /* Pods-ExxPopView.debug.xcconfig */,
				076535A233572900642A69A3 /* Pods-ExxPopView.release.xcconfig */,
			);
			name = Pods;
			sourceTree = "<group>";
		};
/* End PBXGroup section */

/* Begin PBXNativeTarget section */
		043E23712005C07F00C79BC5 /* ExxPopView */ = {
			isa = PBXNativeTarget;
			buildConfigurationList = 043E239A2005C07F00C79BC5 /* Build configuration list for PBXNativeTarget "ExxPopView" */;
			buildPhases = (
				F1B1F8F2A2DEB32861360B39 /* [CP] Check Pods Manifest.lock */,
				043E236E2005C07F00C79BC5 /* Sources */,
				043E236F2005C07F00C79BC5 /* Frameworks */,
				043E23702005C07F00C79BC5 /* Resources */,
				B54A125692EF679491DDFD1C /* [CP] Embed Pods Frameworks */,
				6D73F74C681F3EE3D8BAA938 /* [CP] Copy Pods Resources */,
			);
			buildRules = (
			);
			dependencies = (
			);
			name = ExxPopView;
			productName = ExxPopView;
			productReference = 043E23722005C07F00C79BC5 /* ExxPopView.app */;
			productType = "com.apple.product-type.application";
		};
		043E23852005C07F00C79BC5 /* ExxPopViewTests */ = {
			isa = PBXNativeTarget;
			buildConfigurationList = 043E239D2005C07F00C79BC5 /* Build configuration list for PBXNativeTarget "ExxPopViewTests" */;
			buildPhases = (
				043E23822005C07F00C79BC5 /* Sources */,
				043E23832005C07F00C79BC5 /* Frameworks */,
				043E23842005C07F00C79BC5 /* Resources */,
			);
			buildRules = (
			);
			dependencies = (
				043E23882005C07F00C79BC5 /* PBXTargetDependency */,
			);
			name = ExxPopViewTests;
			productName = ExxPopViewTests;
			productReference = 043E23862005C07F00C79BC5 /* ExxPopViewTests.xctest */;
			productType = "com.apple.product-type.bundle.unit-test";
		};
		043E23902005C07F00C79BC5 /* ExxPopViewUITests */ = {
			isa = PBXNativeTarget;
			buildConfigurationList = 043E23A02005C07F00C79BC5 /* Build configuration list for PBXNativeTarget "ExxPopViewUITests" */;
			buildPhases = (
				043E238D2005C07F00C79BC5 /* Sources */,
				043E238E2005C07F00C79BC5 /* Frameworks */,
				043E238F2005C07F00C79BC5 /* Resources */,
			);
			buildRules = (
			);
			dependencies = (
				043E23932005C07F00C79BC5 /* PBXTargetDependency */,
			);
			name = ExxPopViewUITests;
			productName = ExxPopViewUITests;
			productReference = 043E23912005C07F00C79BC5 /* ExxPopViewUITests.xctest */;
			productType = "com.apple.product-type.bundle.ui-testing";
		};
/* End PBXNativeTarget section */

/* Begin PBXProject section */
		043E236A2005C07F00C79BC5 /* Project object */ = {
			isa = PBXProject;
			attributes = {
				LastSwiftUpdateCheck = 0920;
				LastUpgradeCheck = 0920;
				ORGANIZATIONNAME = mqt;
				TargetAttributes = {
					043E23712005C07F00C79BC5 = {
						CreatedOnToolsVersion = 9.2;
						ProvisioningStyle = Automatic;
					};
					043E23852005C07F00C79BC5 = {
						CreatedOnToolsVersion = 9.2;
						ProvisioningStyle = Automatic;
						TestTargetID = 043E23712005C07F00C79BC5;
					};
					043E23902005C07F00C79BC5 = {
						CreatedOnToolsVersion = 9.2;
						ProvisioningStyle = Automatic;
						TestTargetID = 043E23712005C07F00C79BC5;
					};
				};
			};
			buildConfigurationList = 043E236D2005C07F00C79BC5 /* Build configuration list for PBXProject "ExxPopView" */;
			compatibilityVersion = "Xcode 8.0";
			developmentRegion = en;
			hasScannedForEncodings = 0;
			knownRegions = (
				en,
				Base,
			);
			mainGroup = 043E23692005C07F00C79BC5;
			productRefGroup = 043E23732005C07F00C79BC5 /* Products */;
			projectDirPath = "";
			projectRoot = "";
			targets = (
				043E23712005C07F00C79BC5 /* ExxPopView */,
				043E23852005C07F00C79BC5 /* ExxPopViewTests */,
				043E23902005C07F00C79BC5 /* ExxPopViewUITests */,
			);
		};
/* End PBXProject section */

/* Begin PBXResourcesBuildPhase section */
		043E23702005C07F00C79BC5 /* Resources */ = {
			isa = PBXResourcesBuildPhase;
			buildActionMask = 2147483647;
			files = (
				043E23802005C07F00C79BC5 /* LaunchScreen.storyboard in Resources */,
				043E237D2005C07F00C79BC5 /* Assets.xcassets in Resources */,
				043E23B42005E28900C79BC5 /* ItemCollectionViewCell.xib in Resources */,
				043E23B12005E28900C79BC5 /* TabbedCollectionView.xib in Resources */,
				043E23BE2005FA9800C79BC5 /* ExxMarketCollectionView.xib in Resources */,
				043E237B2005C07F00C79BC5 /* Main.storyboard in Resources */,
			);
			runOnlyForDeploymentPostprocessing = 0;
		};
		043E23842005C07F00C79BC5 /* Resources */ = {
			isa = PBXResourcesBuildPhase;
			buildActionMask = 2147483647;
			files = (
			);
			runOnlyForDeploymentPostprocessing = 0;
		};
		043E238F2005C07F00C79BC5 /* Resources */ = {
			isa = PBXResourcesBuildPhase;
			buildActionMask = 2147483647;
			files = (
			);
			runOnlyForDeploymentPostprocessing = 0;
		};
/* End PBXResourcesBuildPhase section */

/* Begin PBXShellScriptBuildPhase section */
		6D73F74C681F3EE3D8BAA938 /* [CP] Copy Pods Resources */ = {
			isa = PBXShellScriptBuildPhase;
			buildActionMask = 2147483647;
			files = (
			);
			inputPaths = (
			);
			name = "[CP] Copy Pods Resources";
			outputPaths = (
			);
			runOnlyForDeploymentPostprocessing = 0;
			shellPath = /bin/sh;
			shellScript = "\"${SRCROOT}/Pods/Target Support Files/Pods-ExxPopView/Pods-ExxPopView-resources.sh\"\n";
			showEnvVarsInLog = 0;
		};
		B54A125692EF679491DDFD1C /* [CP] Embed Pods Frameworks */ = {
			isa = PBXShellScriptBuildPhase;
			buildActionMask = 2147483647;
			files = (
			);
			inputPaths = (
				"${SRCROOT}/Pods/Target Support Files/Pods-ExxPopView/Pods-ExxPopView-frameworks.sh",
				"${BUILT_PRODUCTS_DIR}/CHSlideSwitchView/CHSlideSwitchView.framework",
				"${BUILT_PRODUCTS_DIR}/SnapKit/SnapKit.framework",
			);
			name = "[CP] Embed Pods Frameworks";
			outputPaths = (
				"${TARGET_BUILD_DIR}/${FRAMEWORKS_FOLDER_PATH}/CHSlideSwitchView.framework",
				"${TARGET_BUILD_DIR}/${FRAMEWORKS_FOLDER_PATH}/SnapKit.framework",
			);
			runOnlyForDeploymentPostprocessing = 0;
			shellPath = /bin/sh;
			shellScript = "\"${SRCROOT}/Pods/Target Support Files/Pods-ExxPopView/Pods-ExxPopView-frameworks.sh\"\n";
			showEnvVarsInLog = 0;
		};
		F1B1F8F2A2DEB32861360B39 /* [CP] Check Pods Manifest.lock */ = {
			isa = PBXShellScriptBuildPhase;
			buildActionMask = 2147483647;
			files = (
			);
			inputPaths = (
				"${PODS_PODFILE_DIR_PATH}/Podfile.lock",
				"${PODS_ROOT}/Manifest.lock",
			);
			name = "[CP] Check Pods Manifest.lock";
			outputPaths = (
				"$(DERIVED_FILE_DIR)/Pods-ExxPopView-checkManifestLockResult.txt",
			);
			runOnlyForDeploymentPostprocessing = 0;
			shellPath = /bin/sh;
			shellScript = "diff \"${PODS_PODFILE_DIR_PATH}/Podfile.lock\" \"${PODS_ROOT}/Manifest.lock\" > /dev/null\nif [ $? != 0 ] ; then\n    # print error to STDERR\n    echo \"error: The sandbox is not in sync with the Podfile.lock. Run 'pod install' or update your CocoaPods installation.\" >&2\n    exit 1\nfi\n# This output is used by Xcode 'outputs' to avoid re-running this script phase.\necho \"SUCCESS\" > \"${SCRIPT_OUTPUT_FILE_0}\"\n";
			showEnvVarsInLog = 0;
		};
/* End PBXShellScriptBuildPhase section */

/* Begin PBXSourcesBuildPhase section */
		043E236E2005C07F00C79BC5 /* Sources */ = {
			isa = PBXSourcesBuildPhase;
			buildActionMask = 2147483647;
			files = (
				043E23BC2005FA7500C79BC5 /* ExxMarketCollectionView.swift in Sources */,
				043E23782005C07F00C79BC5 /* ViewController.swift in Sources */,
				043E23762005C07F00C79BC5 /* AppDelegate.swift in Sources */,
				043E23B72005E28900C79BC5 /* TabbedCollectionView.swift in Sources */,
				043E23A62005E22200C79BC5 /* UIViewController+CHSemiViewController.swift in Sources */,
				043E23B22005E28900C79BC5 /* TabButton.swift in Sources */,
				043E23A52005E22200C79BC5 /* CHSemiViewController.swift in Sources */,
				043E23B52005E28900C79BC5 /* ItemCollectionViewCell.swift in Sources */,
				043E23B92005EEE100C79BC5 /* SelectExchangeCurrencyViewController.swift in Sources */,
				043E23B62005E28900C79BC5 /* HorizontalFlowLayout.swift in Sources */,
				043E23B32005E28900C79BC5 /* VerticalFlowLayout.swift in Sources */,
				043E23B02005E28900C79BC5 /* ItemInfo.swift in Sources */,
			);
			runOnlyForDeploymentPostprocessing = 0;
		};
		043E23822005C07F00C79BC5 /* Sources */ = {
			isa = PBXSourcesBuildPhase;
			buildActionMask = 2147483647;
			files = (
				043E238B2005C07F00C79BC5 /* ExxPopViewTests.swift in Sources */,
			);
			runOnlyForDeploymentPostprocessing = 0;
		};
		043E238D2005C07F00C79BC5 /* Sources */ = {
			isa = PBXSourcesBuildPhase;
			buildActionMask = 2147483647;
			files = (
				043E23962005C07F00C79BC5 /* ExxPopViewUITests.swift in Sources */,
			);
			runOnlyForDeploymentPostprocessing = 0;
		};
/* End PBXSourcesBuildPhase section */

/* Begin PBXTargetDependency section */
		043E23882005C07F00C79BC5 /* PBXTargetDependency */ = {
			isa = PBXTargetDependency;
			target = 043E23712005C07F00C79BC5 /* ExxPopView */;
			targetProxy = 043E23872005C07F00C79BC5 /* PBXContainerItemProxy */;
		};
		043E23932005C07F00C79BC5 /* PBXTargetDependency */ = {
			isa = PBXTargetDependency;
			target = 043E23712005C07F00C79BC5 /* ExxPopView */;
			targetProxy = 043E23922005C07F00C79BC5 /* PBXContainerItemProxy */;
		};
/* End PBXTargetDependency section */

/* Begin PBXVariantGroup section */
		043E23792005C07F00C79BC5 /* Main.storyboard */ = {
			isa = PBXVariantGroup;
			children = (
				043E237A2005C07F00C79BC5 /* Base */,
			);
			name = Main.storyboard;
			sourceTree = "<group>";
		};
		043E237E2005C07F00C79BC5 /* LaunchScreen.storyboard */ = {
			isa = PBXVariantGroup;
			children = (
				043E237F2005C07F00C79BC5 /* Base */,
			);
			name = LaunchScreen.storyboard;
			sourceTree = "<group>";
		};
/* End PBXVariantGroup section */

/* Begin XCBuildConfiguration section */
		043E23982005C07F00C79BC5 /* Debug */ = {
			isa = XCBuildConfiguration;
			buildSettings = {
				ALWAYS_SEARCH_USER_PATHS = NO;
				CLANG_ANALYZER_NONNULL = YES;
				CLANG_ANALYZER_NUMBER_OBJECT_CONVERSION = YES_AGGRESSIVE;
				CLANG_CXX_LANGUAGE_STANDARD = "gnu++14";
				CLANG_CXX_LIBRARY = "libc++";
				CLANG_ENABLE_MODULES = YES;
				CLANG_ENABLE_OBJC_ARC = YES;
				CLANG_WARN_BLOCK_CAPTURE_AUTORELEASING = YES;
				CLANG_WARN_BOOL_CONVERSION = YES;
				CLANG_WARN_COMMA = YES;
				CLANG_WARN_CONSTANT_CONVERSION = YES;
				CLANG_WARN_DIRECT_OBJC_ISA_USAGE = YES_ERROR;
				CLANG_WARN_DOCUMENTATION_COMMENTS = YES;
				CLANG_WARN_EMPTY_BODY = YES;
				CLANG_WARN_ENUM_CONVERSION = YES;
				CLANG_WARN_INFINITE_RECURSION = YES;
				CLANG_WARN_INT_CONVERSION = YES;
				CLANG_WARN_NON_LITERAL_NULL_CONVERSION = YES;
				CLANG_WARN_OBJC_LITERAL_CONVERSION = YES;
				CLANG_WARN_OBJC_ROOT_CLASS = YES_ERROR;
				CLANG_WARN_RANGE_LOOP_ANALYSIS = YES;
				CLANG_WARN_STRICT_PROTOTYPES = YES;
				CLANG_WARN_SUSPICIOUS_MOVE = YES;
				CLANG_WARN_UNGUARDED_AVAILABILITY = YES_AGGRESSIVE;
				CLANG_WARN_UNREACHABLE_CODE = YES;
				CLANG_WARN__DUPLICATE_METHOD_MATCH = YES;
				CODE_SIGN_IDENTITY = "iPhone Developer";
				COPY_PHASE_STRIP = NO;
				DEBUG_INFORMATION_FORMAT = dwarf;
				ENABLE_STRICT_OBJC_MSGSEND = YES;
				ENABLE_TESTABILITY = YES;
				GCC_C_LANGUAGE_STANDARD = gnu11;
				GCC_DYNAMIC_NO_PIC = NO;
				GCC_NO_COMMON_BLOCKS = YES;
				GCC_OPTIMIZATION_LEVEL = 0;
				GCC_PREPROCESSOR_DEFINITIONS = (
					"DEBUG=1",
					"$(inherited)",
				);
				GCC_WARN_64_TO_32_BIT_CONVERSION = YES;
				GCC_WARN_ABOUT_RETURN_TYPE = YES_ERROR;
				GCC_WARN_UNDECLARED_SELECTOR = YES;
				GCC_WARN_UNINITIALIZED_AUTOS = YES_AGGRESSIVE;
				GCC_WARN_UNUSED_FUNCTION = YES;
				GCC_WARN_UNUSED_VARIABLE = YES;
				IPHONEOS_DEPLOYMENT_TARGET = 11.2;
				MTL_ENABLE_DEBUG_INFO = YES;
				ONLY_ACTIVE_ARCH = YES;
				SDKROOT = iphoneos;
				SWIFT_ACTIVE_COMPILATION_CONDITIONS = DEBUG;
				SWIFT_OPTIMIZATION_LEVEL = "-Onone";
			};
			name = Debug;
		};
		043E23992005C07F00C79BC5 /* Release */ = {
			isa = XCBuildConfiguration;
			buildSettings = {
				ALWAYS_SEARCH_USER_PATHS = NO;
				CLANG_ANALYZER_NONNULL = YES;
				CLANG_ANALYZER_NUMBER_OBJECT_CONVERSION = YES_AGGRESSIVE;
				CLANG_CXX_LANGUAGE_STANDARD = "gnu++14";
				CLANG_CXX_LIBRARY = "libc++";
				CLANG_ENABLE_MODULES = YES;
				CLANG_ENABLE_OBJC_ARC = YES;
				CLANG_WARN_BLOCK_CAPTURE_AUTORELEASING = YES;
				CLANG_WARN_BOOL_CONVERSION = YES;
				CLANG_WARN_COMMA = YES;
				CLANG_WARN_CONSTANT_CONVERSION = YES;
				CLANG_WARN_DIRECT_OBJC_ISA_USAGE = YES_ERROR;
				CLANG_WARN_DOCUMENTATION_COMMENTS = YES;
				CLANG_WARN_EMPTY_BODY = YES;
				CLANG_WARN_ENUM_CONVERSION = YES;
				CLANG_WARN_INFINITE_RECURSION = YES;
				CLANG_WARN_INT_CONVERSION = YES;
				CLANG_WARN_NON_LITERAL_NULL_CONVERSION = YES;
				CLANG_WARN_OBJC_LITERAL_CONVERSION = YES;
				CLANG_WARN_OBJC_ROOT_CLASS = YES_ERROR;
				CLANG_WARN_RANGE_LOOP_ANALYSIS = YES;
				CLANG_WARN_STRICT_PROTOTYPES = YES;
				CLANG_WARN_SUSPICIOUS_MOVE = YES;
				CLANG_WARN_UNGUARDED_AVAILABILITY = YES_AGGRESSIVE;
				CLANG_WARN_UNREACHABLE_CODE = YES;
				CLANG_WARN__DUPLICATE_METHOD_MATCH = YES;
				CODE_SIGN_IDENTITY = "iPhone Developer";
				COPY_PHASE_STRIP = NO;
				DEBUG_INFORMATION_FORMAT = "dwarf-with-dsym";
				ENABLE_NS_ASSERTIONS = NO;
				ENABLE_STRICT_OBJC_MSGSEND = YES;
				GCC_C_LANGUAGE_STANDARD = gnu11;
				GCC_NO_COMMON_BLOCKS = YES;
				GCC_WARN_64_TO_32_BIT_CONVERSION = YES;
				GCC_WARN_ABOUT_RETURN_TYPE = YES_ERROR;
				GCC_WARN_UNDECLARED_SELECTOR = YES;
				GCC_WARN_UNINITIALIZED_AUTOS = YES_AGGRESSIVE;
				GCC_WARN_UNUSED_FUNCTION = YES;
				GCC_WARN_UNUSED_VARIABLE = YES;
				IPHONEOS_DEPLOYMENT_TARGET = 11.2;
				MTL_ENABLE_DEBUG_INFO = NO;
				SDKROOT = iphoneos;
				SWIFT_OPTIMIZATION_LEVEL = "-Owholemodule";
				VALIDATE_PRODUCT = YES;
			};
			name = Release;
		};
		043E239B2005C07F00C79BC5 /* Debug */ = {
			isa = XCBuildConfiguration;
			baseConfigurationReference = C37D2D3E589D8681F5E24299 /* Pods-ExxPopView.debug.xcconfig */;
			buildSettings = {
				ASSETCATALOG_COMPILER_APPICON_NAME = AppIcon;
				CODE_SIGN_STYLE = Automatic;
				DEVELOPMENT_TEAM = VMP7X4L9S3;
				INFOPLIST_FILE = ExxPopView/Info.plist;
				LD_RUNPATH_SEARCH_PATHS = "$(inherited) @executable_path/Frameworks";
				PRODUCT_BUNDLE_IDENTIFIER = com.mqt.ExxPopView;
				PRODUCT_NAME = "$(TARGET_NAME)";
				SWIFT_VERSION = 4.0;
				TARGETED_DEVICE_FAMILY = "1,2";
			};
			name = Debug;
		};
		043E239C2005C07F00C79BC5 /* Release */ = {
			isa = XCBuildConfiguration;
			baseConfigurationReference = 076535A233572900642A69A3 /* Pods-ExxPopView.release.xcconfig */;
			buildSettings = {
				ASSETCATALOG_COMPILER_APPICON_NAME = AppIcon;
				CODE_SIGN_STYLE = Automatic;
				DEVELOPMENT_TEAM = VMP7X4L9S3;
				INFOPLIST_FILE = ExxPopView/Info.plist;
				LD_RUNPATH_SEARCH_PATHS = "$(inherited) @executable_path/Frameworks";
				PRODUCT_BUNDLE_IDENTIFIER = com.mqt.ExxPopView;
				PRODUCT_NAME = "$(TARGET_NAME)";
				SWIFT_VERSION = 4.0;
				TARGETED_DEVICE_FAMILY = "1,2";
			};
			name = Release;
		};
		043E239E2005C07F00C79BC5 /* Debug */ = {
			isa = XCBuildConfiguration;
			buildSettings = {
				ALWAYS_EMBED_SWIFT_STANDARD_LIBRARIES = YES;
				BUNDLE_LOADER = "$(TEST_HOST)";
				CODE_SIGN_STYLE = Automatic;
				INFOPLIST_FILE = ExxPopViewTests/Info.plist;
				LD_RUNPATH_SEARCH_PATHS = "$(inherited) @executable_path/Frameworks @loader_path/Frameworks";
				PRODUCT_BUNDLE_IDENTIFIER = com.mqt.ExxPopViewTests;
				PRODUCT_NAME = "$(TARGET_NAME)";
				SWIFT_VERSION = 4.0;
				TARGETED_DEVICE_FAMILY = "1,2";
				TEST_HOST = "$(BUILT_PRODUCTS_DIR)/ExxPopView.app/ExxPopView";
			};
			name = Debug;
		};
		043E239F2005C07F00C79BC5 /* Release */ = {
			isa = XCBuildConfiguration;
			buildSettings = {
				ALWAYS_EMBED_SWIFT_STANDARD_LIBRARIES = YES;
				BUNDLE_LOADER = "$(TEST_HOST)";
				CODE_SIGN_STYLE = Automatic;
				INFOPLIST_FILE = ExxPopViewTests/Info.plist;
				LD_RUNPATH_SEARCH_PATHS = "$(inherited) @executable_path/Frameworks @loader_path/Frameworks";
				PRODUCT_BUNDLE_IDENTIFIER = com.mqt.ExxPopViewTests;
				PRODUCT_NAME = "$(TARGET_NAME)";
				SWIFT_VERSION = 4.0;
				TARGETED_DEVICE_FAMILY = "1,2";
				TEST_HOST = "$(BUILT_PRODUCTS_DIR)/ExxPopView.app/ExxPopView";
			};
			name = Release;
		};
		043E23A12005C07F00C79BC5 /* Debug */ = {
			isa = XCBuildConfiguration;
			buildSettings = {
				ALWAYS_EMBED_SWIFT_STANDARD_LIBRARIES = YES;
				CODE_SIGN_STYLE = Automatic;
				INFOPLIST_FILE = ExxPopViewUITests/Info.plist;
				LD_RUNPATH_SEARCH_PATHS = "$(inherited) @executable_path/Frameworks @loader_path/Frameworks";
				PRODUCT_BUNDLE_IDENTIFIER = com.mqt.ExxPopViewUITests;
				PRODUCT_NAME = "$(TARGET_NAME)";
				SWIFT_VERSION = 4.0;
				TARGETED_DEVICE_FAMILY = "1,2";
				TEST_TARGET_NAME = ExxPopView;
			};
			name = Debug;
		};
		043E23A22005C07F00C79BC5 /* Release */ = {
			isa = XCBuildConfiguration;
			buildSettings = {
				ALWAYS_EMBED_SWIFT_STANDARD_LIBRARIES = YES;
				CODE_SIGN_STYLE = Automatic;
				INFOPLIST_FILE = ExxPopViewUITests/Info.plist;
				LD_RUNPATH_SEARCH_PATHS = "$(inherited) @executable_path/Frameworks @loader_path/Frameworks";
				PRODUCT_BUNDLE_IDENTIFIER = com.mqt.ExxPopViewUITests;
				PRODUCT_NAME = "$(TARGET_NAME)";
				SWIFT_VERSION = 4.0;
				TARGETED_DEVICE_FAMILY = "1,2";
				TEST_TARGET_NAME = ExxPopView;
			};
			name = Release;
		};
/* End XCBuildConfiguration section */

/* Begin XCConfigurationList section */
		043E236D2005C07F00C79BC5 /* Build configuration list for PBXProject "ExxPopView" */ = {
			isa = XCConfigurationList;
			buildConfigurations = (
				043E23982005C07F00C79BC5 /* Debug */,
				043E23992005C07F00C79BC5 /* Release */,
			);
			defaultConfigurationIsVisible = 0;
			defaultConfigurationName = Release;
		};
		043E239A2005C07F00C79BC5 /* Build configuration list for PBXNativeTarget "ExxPopView" */ = {
			isa = XCConfigurationList;
			buildConfigurations = (
				043E239B2005C07F00C79BC5 /* Debug */,
				043E239C2005C07F00C79BC5 /* Release */,
			);
			defaultConfigurationIsVisible = 0;
			defaultConfigurationName = Release;
		};
		043E239D2005C07F00C79BC5 /* Build configuration list for PBXNativeTarget "ExxPopViewTests" */ = {
			isa = XCConfigurationList;
			buildConfigurations = (
				043E239E2005C07F00C79BC5 /* Debug */,
				043E239F2005C07F00C79BC5 /* Release */,
			);
			defaultConfigurationIsVisible = 0;
			defaultConfigurationName = Release;
		};
		043E23A02005C07F00C79BC5 /* Build configuration list for PBXNativeTarget "ExxPopViewUITests" */ = {
			isa = XCConfigurationList;
			buildConfigurations = (
				043E23A12005C07F00C79BC5 /* Debug */,
				043E23A22005C07F00C79BC5 /* Release */,
			);
			defaultConfigurationIsVisible = 0;
			defaultConfigurationName = Release;
		};
/* End XCConfigurationList section */
	};
	rootObject = 043E236A2005C07F00C79BC5 /* Project object */;
}
